
Microsoft Visual Studio Solution File, Format Version 12.00
# Visual Studio Version 17
VisualStudioVersion = 17.9.34728.123
MinimumVisualStudioVersion = 10.0.40219.1
Project("{FAE04EC0-301F-11D3-BF4B-00C04F79EFBC}") = "RadioDemo", "RadioDemo.csproj", "{464BD046-EA28-4C10-B63C-BBDEAE78AE65}"
EndProject
Global
	GlobalSection(SolutionConfigurationPlatforms) = preSolution
		Debug|Any CPU = Debug|Any CPU
		Release|Any CPU = Release|Any CPU
	EndGlobalSection
	GlobalSection(ProjectConfigurationPlatforms) = postSolution
		{464BD046-EA28-4C10-B63C-BBDEAE78AE65}.Debug|Any CPU.ActiveCfg = Debug|Any CPU
		{464BD046-EA28-4C10-B63C-BBDEAE78AE65}.Debug|Any CPU.Build.0 = Debug|Any CPU
		{464BD046-EA28-4C10-B63C-BBDEAE78AE65}.Release|Any CPU.ActiveCfg = Release|Any CPU
		{464BD046-EA28-4C10-B63C-BBDEAE78AE65}.Release|Any CPU.Build.0 = Release|Any CPU
	EndGlobalSection
	GlobalSection(SolutionProperties) = preSolution
		HideSolutionNode = FALSE
	EndGlobalSection
	GlobalSection(ExtensibilityGlobals) = postSolution
		SolutionGuid = {853FA362-414E-48EC-A18B-3D641A69E609}
	EndGlobalSection
EndGlobal
